
Microsoft Visual Studio Solution File, Format Version 11.00
# Visual Studio 2010
Project("{FAE04EC0-301F-11D3-BF4B-00C04F79EFBC}") = "495 Test", "Assembly-CSharp.csproj", "{1FCD232C-D738-3800-5122-3F7B382EA60A}"
EndProject
Global
	GlobalSection(SolutionConfigurationPlatforms) = preSolution
		Debug|Any CPU = Debug|Any CPU
		Release|Any CPU = Release|Any CPU
	EndGlobalSection
	GlobalSection(ProjectConfigurationPlatforms) = postSolution
		{1FCD232C-D738-3800-5122-3F7B382EA60A}.Debug|Any CPU.ActiveCfg = Debug|Any CPU
		{1FCD232C-D738-3800-5122-3F7B382EA60A}.Debug|Any CPU.Build.0 = Debug|Any CPU
		{1FCD232C-D738-3800-5122-3F7B382EA60A}.Release|Any CPU.ActiveCfg = Release|Any CPU
		{1FCD232C-D738-3800-5122-3F7B382EA60A}.Release|Any CPU.Build.0 = Release|Any CPU
	EndGlobalSection
	GlobalSection(SolutionProperties) = preSolution
		HideSolutionNode = FALSE
	EndGlobalSection
	GlobalSection(MonoDevelopProperties) = preSolution
		StartupItem = Assembly-CSharp.csproj
	EndGlobalSection
EndGlobal
